
Microsoft Visual Studio Solution File, Format Version 12.00
# Visual Studio Version 16
VisualStudioVersion = 16.0.31025.194
MinimumVisualStudioVersion = 10.0.40219.1
Project("{FAE04EC0-301F-11D3-BF4B-00C04F79EFBC}") = "AdminBD", "AdminBD\AdminBD.csproj", "{9E4B3567-225E-4C7D-8919-75FC269E28DF}"
EndProject
Global
	GlobalSection(SolutionConfigurationPlatforms) = preSolution
		Debug|Any CPU = Debug|Any CPU
		Release|Any CPU = Release|Any CPU
	EndGlobalSection
	GlobalSection(ProjectConfigurationPlatforms) = postSolution
		{9E4B3567-225E-4C7D-8919-75FC269E28DF}.Debug|Any CPU.ActiveCfg = Debug|Any CPU
		{9E4B3567-225E-4C7D-8919-75FC269E28DF}.Debug|Any CPU.Build.0 = Debug|Any CPU
		{9E4B3567-225E-4C7D-8919-75FC269E28DF}.Release|Any CPU.ActiveCfg = Release|Any CPU
		{9E4B3567-225E-4C7D-8919-75FC269E28DF}.Release|Any CPU.Build.0 = Release|Any CPU
	EndGlobalSection
	GlobalSection(SolutionProperties) = preSolution
		HideSolutionNode = FALSE
	EndGlobalSection
	GlobalSection(ExtensibilityGlobals) = postSolution
		SolutionGuid = {5BE77FF3-B116-4E47-9657-B323D1B4FD6D}
	EndGlobalSection
EndGlobal
